
Microsoft Visual Studio Solution File, Format Version 12.00
# Visual Studio 14
VisualStudioVersion = 14.0.25123.0
MinimumVisualStudioVersion = 10.0.40219.1
Project("{FAE04EC0-301F-11D3-BF4B-00C04F79EFBC}") = "SenseHat", "SenseHat\SenseHat.csproj", "{6B3A4678-8F40-4B1F-8F26-7EAAFD573961}"
EndProject
Project("{FAE04EC0-301F-11D3-BF4B-00C04F79EFBC}") = "MainApp", "TestInterface\MainApp.csproj", "{D8F7DC0E-5E04-4267-A29C-14A87AD8F8E3}"
EndProject
Project("{FAE04EC0-301F-11D3-BF4B-00C04F79EFBC}") = "TestApp", "TestApp\TestApp.csproj", "{E6A95146-7240-423F-A43F-E89DBC325EA7}"
EndProject
Global
	GlobalSection(SolutionConfigurationPlatforms) = preSolution
		Debug|Any CPU = Debug|Any CPU
		Debug|ARM = Debug|ARM
		Debug|x64 = Debug|x64
		Debug|x86 = Debug|x86
		Release|Any CPU = Release|Any CPU
		Release|ARM = Release|ARM
		Release|x64 = Release|x64
		Release|x86 = Release|x86
	EndGlobalSection
	GlobalSection(ProjectConfigurationPlatforms) = postSolution
		{6B3A4678-8F40-4B1F-8F26-7EAAFD573961}.Debug|Any CPU.ActiveCfg = Debug|Any CPU
		{6B3A4678-8F40-4B1F-8F26-7EAAFD573961}.Debug|Any CPU.Build.0 = Debug|Any CPU
		{6B3A4678-8F40-4B1F-8F26-7EAAFD573961}.Debug|ARM.ActiveCfg = Debug|ARM
		{6B3A4678-8F40-4B1F-8F26-7EAAFD573961}.Debug|ARM.Build.0 = Debug|ARM
		{6B3A4678-8F40-4B1F-8F26-7EAAFD573961}.Debug|x64.ActiveCfg = Debug|x64
		{6B3A4678-8F40-4B1F-8F26-7EAAFD573961}.Debug|x64.Build.0 = Debug|x64
		{6B3A4678-8F40-4B1F-8F26-7EAAFD573961}.Debug|x86.ActiveCfg = Debug|x86
		{6B3A4678-8F40-4B1F-8F26-7EAAFD573961}.Debug|x86.Build.0 = Debug|x86
		{6B3A4678-8F40-4B1F-8F26-7EAAFD573961}.Release|Any CPU.ActiveCfg = Release|Any CPU
		{6B3A4678-8F40-4B1F-8F26-7EAAFD573961}.Release|Any CPU.Build.0 = Release|Any CPU
		{6B3A4678-8F40-4B1F-8F26-7EAAFD573961}.Release|ARM.ActiveCfg = Release|ARM
		{6B3A4678-8F40-4B1F-8F26-7EAAFD573961}.Release|ARM.Build.0 = Release|ARM
		{6B3A4678-8F40-4B1F-8F26-7EAAFD573961}.Release|x64.ActiveCfg = Release|x64
		{6B3A4678-8F40-4B1F-8F26-7EAAFD573961}.Release|x64.Build.0 = Release|x64
		{6B3A4678-8F40-4B1F-8F26-7EAAFD573961}.Release|x86.ActiveCfg = Release|x86
		{6B3A4678-8F40-4B1F-8F26-7EAAFD573961}.Release|x86.Build.0 = Release|x86
		{D8F7DC0E-5E04-4267-A29C-14A87AD8F8E3}.Debug|Any CPU.ActiveCfg = Debug|x86
		{D8F7DC0E-5E04-4267-A29C-14A87AD8F8E3}.Debug|ARM.ActiveCfg = Debug|ARM
		{D8F7DC0E-5E04-4267-A29C-14A87AD8F8E3}.Debug|ARM.Build.0 = Debug|ARM
		{D8F7DC0E-5E04-4267-A29C-14A87AD8F8E3}.Debug|ARM.Deploy.0 = Debug|ARM
		{D8F7DC0E-5E04-4267-A29C-14A87AD8F8E3}.Debug|x64.ActiveCfg = Debug|x64
		{D8F7DC0E-5E04-4267-A29C-14A87AD8F8E3}.Debug|x64.Build.0 = Debug|x64
		{D8F7DC0E-5E04-4267-A29C-14A87AD8F8E3}.Debug|x64.Deploy.0 = Debug|x64
		{D8F7DC0E-5E04-4267-A29C-14A87AD8F8E3}.Debug|x86.ActiveCfg = Debug|x86
		{D8F7DC0E-5E04-4267-A29C-14A87AD8F8E3}.Debug|x86.Build.0 = Debug|x86
		{D8F7DC0E-5E04-4267-A29C-14A87AD8F8E3}.Debug|x86.Deploy.0 = Debug|x86
		{D8F7DC0E-5E04-4267-A29C-14A87AD8F8E3}.Release|Any CPU.ActiveCfg = Release|x86
		{D8F7DC0E-5E04-4267-A29C-14A87AD8F8E3}.Release|ARM.ActiveCfg = Release|ARM
		{D8F7DC0E-5E04-4267-A29C-14A87AD8F8E3}.Release|ARM.Build.0 = Release|ARM
		{D8F7DC0E-5E04-4267-A29C-14A87AD8F8E3}.Release|ARM.Deploy.0 = Release|ARM
		{D8F7DC0E-5E04-4267-A29C-14A87AD8F8E3}.Release|x64.ActiveCfg = Release|x64
		{D8F7DC0E-5E04-4267-A29C-14A87AD8F8E3}.Release|x64.Build.0 = Release|x64
		{D8F7DC0E-5E04-4267-A29C-14A87AD8F8E3}.Release|x64.Deploy.0 = Release|x64
		{D8F7DC0E-5E04-4267-A29C-14A87AD8F8E3}.Release|x86.ActiveCfg = Release|x86
		{D8F7DC0E-5E04-4267-A29C-14A87AD8F8E3}.Release|x86.Build.0 = Release|x86
		{D8F7DC0E-5E04-4267-A29C-14A87AD8F8E3}.Release|x86.Deploy.0 = Release|x86
		{E6A95146-7240-423F-A43F-E89DBC325EA7}.Debug|Any CPU.ActiveCfg = Debug|x86
		{E6A95146-7240-423F-A43F-E89DBC325EA7}.Debug|ARM.ActiveCfg = Debug|ARM
		{E6A95146-7240-423F-A43F-E89DBC325EA7}.Debug|ARM.Build.0 = Debug|ARM
		{E6A95146-7240-423F-A43F-E89DBC325EA7}.Debug|ARM.Deploy.0 = Debug|ARM
		{E6A95146-7240-423F-A43F-E89DBC325EA7}.Debug|x64.ActiveCfg = Debug|x64
		{E6A95146-7240-423F-A43F-E89DBC325EA7}.Debug|x64.Build.0 = Debug|x64
		{E6A95146-7240-423F-A43F-E89DBC325EA7}.Debug|x64.Deploy.0 = Debug|x64
		{E6A95146-7240-423F-A43F-E89DBC325EA7}.Debug|x86.ActiveCfg = Debug|x86
		{E6A95146-7240-423F-A43F-E89DBC325EA7}.Debug|x86.Build.0 = Debug|x86
		{E6A95146-7240-423F-A43F-E89DBC325EA7}.Debug|x86.Deploy.0 = Debug|x86
		{E6A95146-7240-423F-A43F-E89DBC325EA7}.Release|Any CPU.ActiveCfg = Release|x86
		{E6A95146-7240-423F-A43F-E89DBC325EA7}.Release|ARM.ActiveCfg = Release|ARM
		{E6A95146-7240-423F-A43F-E89DBC325EA7}.Release|ARM.Build.0 = Release|ARM
		{E6A95146-7240-423F-A43F-E89DBC325EA7}.Release|ARM.Deploy.0 = Release|ARM
		{E6A95146-7240-423F-A43F-E89DBC325EA7}.Release|x64.ActiveCfg = Release|x64
		{E6A95146-7240-423F-A43F-E89DBC325EA7}.Release|x64.Build.0 = Release|x64
		{E6A95146-7240-423F-A43F-E89DBC325EA7}.Release|x64.Deploy.0 = Release|x64
		{E6A95146-7240-423F-A43F-E89DBC325EA7}.Release|x86.ActiveCfg = Release|x86
		{E6A95146-7240-423F-A43F-E89DBC325EA7}.Release|x86.Build.0 = Release|x86
		{E6A95146-7240-423F-A43F-E89DBC325EA7}.Release|x86.Deploy.0 = Release|x86
	EndGlobalSection
	GlobalSection(SolutionProperties) = preSolution
		HideSolutionNode = FALSE
	EndGlobalSection
EndGlobal
